
Microsoft Visual Studio Solution File, Format Version 12.00
# Visual Studio Version 17
VisualStudioVersion = 17.5.33627.172
MinimumVisualStudioVersion = 10.0.40219.1
Project("{9A19103F-16F7-4668-BE54-9A1E7A4F7556}") = "Practice_1410", "Practice_1410\Practice_1410.csproj", "{8F5E30D2-6A4F-4D9F-BF9C-F206082AC491}"
EndProject
Project("{9A19103F-16F7-4668-BE54-9A1E7A4F7556}") = "HW2", "HW2\HW2.csproj", "{22EE2B58-0E26-4D35-8105-08FCBFACCCDF}"
EndProject
Project("{9A19103F-16F7-4668-BE54-9A1E7A4F7556}") = "HW1", "HW1\HW1.csproj", "{F6928A62-EE3B-4B37-AEB5-B103ED78A6A5}"
EndProject
Project("{2150E333-8FDC-42A3-9474-1A3956D46DE8}") = "Practice_3010", "Practice_3010", "{997544E5-56A9-416E-9783-5F80BE0047A1}"
EndProject
Project("{9A19103F-16F7-4668-BE54-9A1E7A4F7556}") = "Client", "Practice_3010\Client\Client.csproj", "{FDC357CF-A844-4AEC-BEF4-180623E6C404}"
EndProject
Project("{9A19103F-16F7-4668-BE54-9A1E7A4F7556}") = "DBModels", "Practice_3010\DBModels\DBModels.csproj", "{4EEFBA72-6A55-4BCD-AD51-3DAD315D2073}"
EndProject
Project("{9A19103F-16F7-4668-BE54-9A1E7A4F7556}") = "ProviderDb", "Practice_3010\Provider\ProviderDb.csproj", "{48D8126C-864A-4AF7-B8B8-A4160EC8625A}"
EndProject
Project("{2150E333-8FDC-42A3-9474-1A3956D46DE8}") = "HW3 and HW4", "HW3 and HW4", "{1EB4EB48-B26E-434F-A469-AD3FA7EEF887}"
EndProject
Project("{9A19103F-16F7-4668-BE54-9A1E7A4F7556}") = "ConsoleMenu", "HW3\ConsoleMenu\ConsoleMenu.csproj", "{400CFE6E-108F-49D9-81FF-3136CF894EA9}"
EndProject
Project("{9A19103F-16F7-4668-BE54-9A1E7A4F7556}") = "Menu", "HW3\Menu\Menu.csproj", "{9C9DF9B7-2F90-4343-884D-E4C8616E87FB}"
EndProject
Project("{9A19103F-16F7-4668-BE54-9A1E7A4F7556}") = "ConsoleOptions", "HW3\ConsoleOptions\ConsoleOptions.csproj", "{B808C37F-2B2D-4DA1-B4B6-684E2CEC8D22}"
EndProject
Project("{2150E333-8FDC-42A3-9474-1A3956D46DE8}") = "Practice_1111 and 1311", "Practice_1111 and 1311", "{C3E36B41-6573-4BD2-81E9-B386D5A2D697}"
EndProject
Project("{9A19103F-16F7-4668-BE54-9A1E7A4F7556}") = "Lesson", "Practice_1111 and 1311\Lesson.csproj", "{73EAE6BA-6C52-4961-9886-B53912077F80}"
EndProject
Project("{9A19103F-16F7-4668-BE54-9A1E7A4F7556}") = "DbMenuHelper", "HW3\DbHelper\DbMenuHelper.csproj", "{9E0A9849-2C6E-40E7-9F83-FA0A8F599E5C}"
EndProject
Project("{9A19103F-16F7-4668-BE54-9A1E7A4F7556}") = "DbModels", "HW3\DbModel\DbModels.csproj", "{23C955E9-6D77-43E6-9E79-319057DB7633}"
EndProject
Project("{9A19103F-16F7-4668-BE54-9A1E7A4F7556}") = "Provider", "Provider\Provider.csproj", "{A8803E67-8267-4F22-8803-50369C830C94}"
EndProject
Project("{2150E333-8FDC-42A3-9474-1A3956D46DE8}") = "БД скрипты", "БД скрипты", "{D5F79A5E-8850-4E19-87DE-A13E8C561867}"
	ProjectSection(SolutionItems) = preProject
		HW3\БД таблицы\Books.sql = HW3\БД таблицы\Books.sql
		HW3\БД таблицы\IssueBooks.sql = HW3\БД таблицы\IssueBooks.sql
		HW3\БД таблицы\Issues.sql = HW3\БД таблицы\Issues.sql
		HW3\БД таблицы\Readers.sql = HW3\БД таблицы\Readers.sql
	EndProjectSection
EndProject
Project("{2150E333-8FDC-42A3-9474-1A3956D46DE8}") = "HW5", "HW5", "{91655018-2111-40BC-8FCF-6E8DCB41B1E3}"
EndProject
Project("{9A19103F-16F7-4668-BE54-9A1E7A4F7556}") = "WebLibrary", "HW5\WebLibrary.csproj", "{7CCB2F00-EB35-4949-AD39-11CB23C40B90}"
EndProject
Project("{2150E333-8FDC-42A3-9474-1A3956D46DE8}") = "HW6", "HW6", "{B107A058-D3C8-403F-AA39-3956FFCF6E69}"
EndProject
Project("{FAE04EC0-301F-11D3-BF4B-00C04F79EFBC}") = "ClientWebLibrary", "HW6\ClientWebLibrary\ClientWebLibrary.csproj", "{2843E9EA-D58B-4D2B-AE3B-1CC4C08198A1}"
EndProject
Global
	GlobalSection(SolutionConfigurationPlatforms) = preSolution
		Debug|Any CPU = Debug|Any CPU
		Release|Any CPU = Release|Any CPU
	EndGlobalSection
	GlobalSection(ProjectConfigurationPlatforms) = postSolution
		{8F5E30D2-6A4F-4D9F-BF9C-F206082AC491}.Debug|Any CPU.ActiveCfg = Debug|Any CPU
		{8F5E30D2-6A4F-4D9F-BF9C-F206082AC491}.Debug|Any CPU.Build.0 = Debug|Any CPU
		{8F5E30D2-6A4F-4D9F-BF9C-F206082AC491}.Release|Any CPU.ActiveCfg = Release|Any CPU
		{8F5E30D2-6A4F-4D9F-BF9C-F206082AC491}.Release|Any CPU.Build.0 = Release|Any CPU
		{22EE2B58-0E26-4D35-8105-08FCBFACCCDF}.Debug|Any CPU.ActiveCfg = Debug|Any CPU
		{22EE2B58-0E26-4D35-8105-08FCBFACCCDF}.Debug|Any CPU.Build.0 = Debug|Any CPU
		{22EE2B58-0E26-4D35-8105-08FCBFACCCDF}.Release|Any CPU.ActiveCfg = Release|Any CPU
		{22EE2B58-0E26-4D35-8105-08FCBFACCCDF}.Release|Any CPU.Build.0 = Release|Any CPU
		{F6928A62-EE3B-4B37-AEB5-B103ED78A6A5}.Debug|Any CPU.ActiveCfg = Debug|Any CPU
		{F6928A62-EE3B-4B37-AEB5-B103ED78A6A5}.Debug|Any CPU.Build.0 = Debug|Any CPU
		{F6928A62-EE3B-4B37-AEB5-B103ED78A6A5}.Release|Any CPU.ActiveCfg = Release|Any CPU
		{F6928A62-EE3B-4B37-AEB5-B103ED78A6A5}.Release|Any CPU.Build.0 = Release|Any CPU
		{FDC357CF-A844-4AEC-BEF4-180623E6C404}.Debug|Any CPU.ActiveCfg = Debug|Any CPU
		{FDC357CF-A844-4AEC-BEF4-180623E6C404}.Debug|Any CPU.Build.0 = Debug|Any CPU
		{FDC357CF-A844-4AEC-BEF4-180623E6C404}.Release|Any CPU.ActiveCfg = Release|Any CPU
		{FDC357CF-A844-4AEC-BEF4-180623E6C404}.Release|Any CPU.Build.0 = Release|Any CPU
		{4EEFBA72-6A55-4BCD-AD51-3DAD315D2073}.Debug|Any CPU.ActiveCfg = Debug|Any CPU
		{4EEFBA72-6A55-4BCD-AD51-3DAD315D2073}.Debug|Any CPU.Build.0 = Debug|Any CPU
		{4EEFBA72-6A55-4BCD-AD51-3DAD315D2073}.Release|Any CPU.ActiveCfg = Release|Any CPU
		{4EEFBA72-6A55-4BCD-AD51-3DAD315D2073}.Release|Any CPU.Build.0 = Release|Any CPU
		{48D8126C-864A-4AF7-B8B8-A4160EC8625A}.Debug|Any CPU.ActiveCfg = Debug|Any CPU
		{48D8126C-864A-4AF7-B8B8-A4160EC8625A}.Debug|Any CPU.Build.0 = Debug|Any CPU
		{48D8126C-864A-4AF7-B8B8-A4160EC8625A}.Release|Any CPU.ActiveCfg = Release|Any CPU
		{48D8126C-864A-4AF7-B8B8-A4160EC8625A}.Release|Any CPU.Build.0 = Release|Any CPU
		{400CFE6E-108F-49D9-81FF-3136CF894EA9}.Debug|Any CPU.ActiveCfg = Debug|Any CPU
		{400CFE6E-108F-49D9-81FF-3136CF894EA9}.Debug|Any CPU.Build.0 = Debug|Any CPU
		{400CFE6E-108F-49D9-81FF-3136CF894EA9}.Release|Any CPU.ActiveCfg = Release|Any CPU
		{400CFE6E-108F-49D9-81FF-3136CF894EA9}.Release|Any CPU.Build.0 = Release|Any CPU
		{9C9DF9B7-2F90-4343-884D-E4C8616E87FB}.Debug|Any CPU.ActiveCfg = Debug|Any CPU
		{9C9DF9B7-2F90-4343-884D-E4C8616E87FB}.Debug|Any CPU.Build.0 = Debug|Any CPU
		{9C9DF9B7-2F90-4343-884D-E4C8616E87FB}.Release|Any CPU.ActiveCfg = Release|Any CPU
		{9C9DF9B7-2F90-4343-884D-E4C8616E87FB}.Release|Any CPU.Build.0 = Release|Any CPU
		{B808C37F-2B2D-4DA1-B4B6-684E2CEC8D22}.Debug|Any CPU.ActiveCfg = Debug|Any CPU
		{B808C37F-2B2D-4DA1-B4B6-684E2CEC8D22}.Debug|Any CPU.Build.0 = Debug|Any CPU
		{B808C37F-2B2D-4DA1-B4B6-684E2CEC8D22}.Release|Any CPU.ActiveCfg = Release|Any CPU
		{B808C37F-2B2D-4DA1-B4B6-684E2CEC8D22}.Release|Any CPU.Build.0 = Release|Any CPU
		{73EAE6BA-6C52-4961-9886-B53912077F80}.Debug|Any CPU.ActiveCfg = Debug|Any CPU
		{73EAE6BA-6C52-4961-9886-B53912077F80}.Debug|Any CPU.Build.0 = Debug|Any CPU
		{73EAE6BA-6C52-4961-9886-B53912077F80}.Release|Any CPU.ActiveCfg = Release|Any CPU
		{73EAE6BA-6C52-4961-9886-B53912077F80}.Release|Any CPU.Build.0 = Release|Any CPU
		{9E0A9849-2C6E-40E7-9F83-FA0A8F599E5C}.Debug|Any CPU.ActiveCfg = Debug|Any CPU
		{9E0A9849-2C6E-40E7-9F83-FA0A8F599E5C}.Debug|Any CPU.Build.0 = Debug|Any CPU
		{9E0A9849-2C6E-40E7-9F83-FA0A8F599E5C}.Release|Any CPU.ActiveCfg = Release|Any CPU
		{9E0A9849-2C6E-40E7-9F83-FA0A8F599E5C}.Release|Any CPU.Build.0 = Release|Any CPU
		{23C955E9-6D77-43E6-9E79-319057DB7633}.Debug|Any CPU.ActiveCfg = Debug|Any CPU
		{23C955E9-6D77-43E6-9E79-319057DB7633}.Debug|Any CPU.Build.0 = Debug|Any CPU
		{23C955E9-6D77-43E6-9E79-319057DB7633}.Release|Any CPU.ActiveCfg = Release|Any CPU
		{23C955E9-6D77-43E6-9E79-319057DB7633}.Release|Any CPU.Build.0 = Release|Any CPU
		{A8803E67-8267-4F22-8803-50369C830C94}.Debug|Any CPU.ActiveCfg = Debug|Any CPU
		{A8803E67-8267-4F22-8803-50369C830C94}.Debug|Any CPU.Build.0 = Debug|Any CPU
		{A8803E67-8267-4F22-8803-50369C830C94}.Release|Any CPU.ActiveCfg = Release|Any CPU
		{A8803E67-8267-4F22-8803-50369C830C94}.Release|Any CPU.Build.0 = Release|Any CPU
		{7CCB2F00-EB35-4949-AD39-11CB23C40B90}.Debug|Any CPU.ActiveCfg = Debug|Any CPU
		{7CCB2F00-EB35-4949-AD39-11CB23C40B90}.Debug|Any CPU.Build.0 = Debug|Any CPU
		{7CCB2F00-EB35-4949-AD39-11CB23C40B90}.Release|Any CPU.ActiveCfg = Release|Any CPU
		{7CCB2F00-EB35-4949-AD39-11CB23C40B90}.Release|Any CPU.Build.0 = Release|Any CPU
		{2843E9EA-D58B-4D2B-AE3B-1CC4C08198A1}.Debug|Any CPU.ActiveCfg = Debug|Any CPU
		{2843E9EA-D58B-4D2B-AE3B-1CC4C08198A1}.Debug|Any CPU.Build.0 = Debug|Any CPU
		{2843E9EA-D58B-4D2B-AE3B-1CC4C08198A1}.Release|Any CPU.ActiveCfg = Release|Any CPU
		{2843E9EA-D58B-4D2B-AE3B-1CC4C08198A1}.Release|Any CPU.Build.0 = Release|Any CPU
	EndGlobalSection
	GlobalSection(SolutionProperties) = preSolution
		HideSolutionNode = FALSE
	EndGlobalSection
	GlobalSection(NestedProjects) = preSolution
		{FDC357CF-A844-4AEC-BEF4-180623E6C404} = {997544E5-56A9-416E-9783-5F80BE0047A1}
		{4EEFBA72-6A55-4BCD-AD51-3DAD315D2073} = {997544E5-56A9-416E-9783-5F80BE0047A1}
		{48D8126C-864A-4AF7-B8B8-A4160EC8625A} = {997544E5-56A9-416E-9783-5F80BE0047A1}
		{400CFE6E-108F-49D9-81FF-3136CF894EA9} = {1EB4EB48-B26E-434F-A469-AD3FA7EEF887}
		{9C9DF9B7-2F90-4343-884D-E4C8616E87FB} = {1EB4EB48-B26E-434F-A469-AD3FA7EEF887}
		{B808C37F-2B2D-4DA1-B4B6-684E2CEC8D22} = {1EB4EB48-B26E-434F-A469-AD3FA7EEF887}
		{73EAE6BA-6C52-4961-9886-B53912077F80} = {C3E36B41-6573-4BD2-81E9-B386D5A2D697}
		{9E0A9849-2C6E-40E7-9F83-FA0A8F599E5C} = {1EB4EB48-B26E-434F-A469-AD3FA7EEF887}
		{23C955E9-6D77-43E6-9E79-319057DB7633} = {1EB4EB48-B26E-434F-A469-AD3FA7EEF887}
		{A8803E67-8267-4F22-8803-50369C830C94} = {1EB4EB48-B26E-434F-A469-AD3FA7EEF887}
		{D5F79A5E-8850-4E19-87DE-A13E8C561867} = {1EB4EB48-B26E-434F-A469-AD3FA7EEF887}
		{7CCB2F00-EB35-4949-AD39-11CB23C40B90} = {91655018-2111-40BC-8FCF-6E8DCB41B1E3}
		{2843E9EA-D58B-4D2B-AE3B-1CC4C08198A1} = {B107A058-D3C8-403F-AA39-3956FFCF6E69}
	EndGlobalSection
	GlobalSection(ExtensibilityGlobals) = postSolution
		SolutionGuid = {F9DCD49A-AD21-49D9-8BDF-EC10AD268DC7}
	EndGlobalSection
EndGlobal
