
Microsoft Visual Studio Solution File, Format Version 12.00
# Visual Studio Version 17
VisualStudioVersion = 17.5.33627.172
MinimumVisualStudioVersion = 10.0.40219.1
Project("{9A19103F-16F7-4668-BE54-9A1E7A4F7556}") = "Practice_1410", "Practice_1410\Practice_1410.csproj", "{8F5E30D2-6A4F-4D9F-BF9C-F206082AC491}"
EndProject
Project("{9A19103F-16F7-4668-BE54-9A1E7A4F7556}") = "HW2", "HW2\HW2.csproj", "{22EE2B58-0E26-4D35-8105-08FCBFACCCDF}"
EndProject
Project("{FAE04EC0-301F-11D3-BF4B-00C04F79EFBC}") = "HW1", "HM1\HW1.csproj", "{F6928A62-EE3B-4B37-AEB5-B103ED78A6A5}"
EndProject
Global
	GlobalSection(SolutionConfigurationPlatforms) = preSolution
		Debug|Any CPU = Debug|Any CPU
		Release|Any CPU = Release|Any CPU
	EndGlobalSection
	GlobalSection(ProjectConfigurationPlatforms) = postSolution
		{8F5E30D2-6A4F-4D9F-BF9C-F206082AC491}.Debug|Any CPU.ActiveCfg = Debug|Any CPU
		{8F5E30D2-6A4F-4D9F-BF9C-F206082AC491}.Debug|Any CPU.Build.0 = Debug|Any CPU
		{8F5E30D2-6A4F-4D9F-BF9C-F206082AC491}.Release|Any CPU.ActiveCfg = Release|Any CPU
		{8F5E30D2-6A4F-4D9F-BF9C-F206082AC491}.Release|Any CPU.Build.0 = Release|Any CPU
		{22EE2B58-0E26-4D35-8105-08FCBFACCCDF}.Debug|Any CPU.ActiveCfg = Debug|Any CPU
		{22EE2B58-0E26-4D35-8105-08FCBFACCCDF}.Debug|Any CPU.Build.0 = Debug|Any CPU
		{22EE2B58-0E26-4D35-8105-08FCBFACCCDF}.Release|Any CPU.ActiveCfg = Release|Any CPU
		{22EE2B58-0E26-4D35-8105-08FCBFACCCDF}.Release|Any CPU.Build.0 = Release|Any CPU
		{F6928A62-EE3B-4B37-AEB5-B103ED78A6A5}.Debug|Any CPU.ActiveCfg = Debug|Any CPU
		{F6928A62-EE3B-4B37-AEB5-B103ED78A6A5}.Debug|Any CPU.Build.0 = Debug|Any CPU
		{F6928A62-EE3B-4B37-AEB5-B103ED78A6A5}.Release|Any CPU.ActiveCfg = Release|Any CPU
		{F6928A62-EE3B-4B37-AEB5-B103ED78A6A5}.Release|Any CPU.Build.0 = Release|Any CPU
	EndGlobalSection
	GlobalSection(SolutionProperties) = preSolution
		HideSolutionNode = FALSE
	EndGlobalSection
	GlobalSection(ExtensibilityGlobals) = postSolution
		SolutionGuid = {F9DCD49A-AD21-49D9-8BDF-EC10AD268DC7}
	EndGlobalSection
EndGlobal
